{
  "name": "seu-projeto",
  "version": "1.0.0",
  "description": "Um desafio educacional para aprimorar conhecimentos em programação e desenvolvimento de software.",
  "main": "index.js",
  "scripts": {
    "start": "node index.js"
  },
  "keywords": [
    "freefire",
    "skin",
    "diamante",
    "pet"
  ],
  "author": "Seu Nome",
  "license": "ISC",
  "dependencies": {
    "json-server": "^0.16.3"
    
  },
  "engines": {
    "node": ">=12.20.0"
  }
}
